Microsoft Visual Studio Solution File, Format Version 12.00
# Visual Studio 15
Project("{8BC9CEB8-8B4A-11D0-8D11-00A0C91BC942}") = "ALL_BUILD", "ALL_BUILD.vcxproj", "{F40FA46D-EEDD-3485-AD08-BACC3DE1DB6F}"
	ProjectSection(ProjectDependencies) = postProject
		{5C0FBC9F-5CF2-3A8D-9285-14D665E535B0} = {5C0FBC9F-5CF2-3A8D-9285-14D665E535B0}
		{666DC177-D47A-36E2-9463-6DBB71EEC323} = {666DC177-D47A-36E2-9463-6DBB71EEC323}
		{1253E379-AD90-3826-86A6-67CC25DD0805} = {1253E379-AD90-3826-86A6-67CC25DD0805}
		{EE630608-78EF-3EAC-9830-82B54BD9D271} = {EE630608-78EF-3EAC-9830-82B54BD9D271}
	EndProjectSection
EndProject
Project("{8BC9CEB8-8B4A-11D0-8D11-00A0C91BC942}") = "DView", "DView.vcxproj", "{5C0FBC9F-5CF2-3A8D-9285-14D665E535B0}"
	ProjectSection(ProjectDependencies) = postProject
		{666DC177-D47A-36E2-9463-6DBB71EEC323} = {666DC177-D47A-36E2-9463-6DBB71EEC323}
		{1253E379-AD90-3826-86A6-67CC25DD0805} = {1253E379-AD90-3826-86A6-67CC25DD0805}
	EndProjectSection
EndProject
Project("{8BC9CEB8-8B4A-11D0-8D11-00A0C91BC942}") = "ZERO_CHECK", "ZERO_CHECK.vcxproj", "{666DC177-D47A-36E2-9463-6DBB71EEC323}"
	ProjectSection(ProjectDependencies) = postProject
	EndProjectSection
EndProject
Project("{8BC9CEB8-8B4A-11D0-8D11-00A0C91BC942}") = "wex", "wex.vcxproj", "{1253E379-AD90-3826-86A6-67CC25DD0805}"
	ProjectSection(ProjectDependencies) = postProject
		{666DC177-D47A-36E2-9463-6DBB71EEC323} = {666DC177-D47A-36E2-9463-6DBB71EEC323}
	EndProjectSection
EndProject
Project("{8BC9CEB8-8B4A-11D0-8D11-00A0C91BC942}") = "wexsandbox", "wexsandbox.vcxproj", "{EE630608-78EF-3EAC-9830-82B54BD9D271}"
	ProjectSection(ProjectDependencies) = postProject
		{666DC177-D47A-36E2-9463-6DBB71EEC323} = {666DC177-D47A-36E2-9463-6DBB71EEC323}
		{1253E379-AD90-3826-86A6-67CC25DD0805} = {1253E379-AD90-3826-86A6-67CC25DD0805}
	EndProjectSection
EndProject
Global
	GlobalSection(SolutionConfigurationPlatforms) = preSolution
		Debug|x64 = Debug|x64
		Release|x64 = Release|x64
	EndGlobalSection
	GlobalSection(ProjectConfigurationPlatforms) = postSolution
		{F40FA46D-EEDD-3485-AD08-BACC3DE1DB6F}.Debug|x64.ActiveCfg = Debug|x64
		{F40FA46D-EEDD-3485-AD08-BACC3DE1DB6F}.Release|x64.ActiveCfg = Release|x64
		{5C0FBC9F-5CF2-3A8D-9285-14D665E535B0}.Debug|x64.ActiveCfg = Debug|x64
		{5C0FBC9F-5CF2-3A8D-9285-14D665E535B0}.Debug|x64.Build.0 = Debug|x64
		{5C0FBC9F-5CF2-3A8D-9285-14D665E535B0}.Release|x64.ActiveCfg = Release|x64
		{5C0FBC9F-5CF2-3A8D-9285-14D665E535B0}.Release|x64.Build.0 = Release|x64
		{666DC177-D47A-36E2-9463-6DBB71EEC323}.Debug|x64.ActiveCfg = Debug|x64
		{666DC177-D47A-36E2-9463-6DBB71EEC323}.Debug|x64.Build.0 = Debug|x64
		{666DC177-D47A-36E2-9463-6DBB71EEC323}.Release|x64.ActiveCfg = Release|x64
		{666DC177-D47A-36E2-9463-6DBB71EEC323}.Release|x64.Build.0 = Release|x64
		{1253E379-AD90-3826-86A6-67CC25DD0805}.Debug|x64.ActiveCfg = Debug|x64
		{1253E379-AD90-3826-86A6-67CC25DD0805}.Debug|x64.Build.0 = Debug|x64
		{1253E379-AD90-3826-86A6-67CC25DD0805}.Release|x64.ActiveCfg = Release|x64
		{1253E379-AD90-3826-86A6-67CC25DD0805}.Release|x64.Build.0 = Release|x64
		{EE630608-78EF-3EAC-9830-82B54BD9D271}.Debug|x64.ActiveCfg = Debug|x64
		{EE630608-78EF-3EAC-9830-82B54BD9D271}.Debug|x64.Build.0 = Debug|x64
		{EE630608-78EF-3EAC-9830-82B54BD9D271}.Release|x64.ActiveCfg = Release|x64
		{EE630608-78EF-3EAC-9830-82B54BD9D271}.Release|x64.Build.0 = Release|x64
	EndGlobalSection
	GlobalSection(ExtensibilityGlobals) = postSolution
		SolutionGuid = {0581EA0F-2280-3306-8606-F96DCDEFF8BF}
	EndGlobalSection
	GlobalSection(ExtensibilityAddIns) = postSolution
	EndGlobalSection
EndGlobal
